// !$*UTF8*$!
{
	archiveVersion = 1;
	classes = {
	};
	objectVersion = 50;
	objects = {

/* Begin PBXBuildFile section */
		041A837921779A6C00B2D3E8 /* AppDelegate.swift in Sources */ = {isa = PBXBuildFile; fileRef = 041A837821779A6C00B2D3E8 /* AppDelegate.swift */; };
		041A837B21779A6C00B2D3E8 /* ViewController.swift in Sources */ = {isa = PBXBuildFile; fileRef = 041A837A21779A6C00B2D3E8 /* ViewController.swift */; };
		041A837E21779A6C00B2D3E8 /* Main.storyboard in Resources */ = {isa = PBXBuildFile; fileRef = 041A837C21779A6C00B2D3E8 /* Main.storyboard */; };
		041A838121779A6C00B2D3E8 /* HowDoesALightHouseLookHere.xcdatamodeld in Sources */ = {isa = PBXBuildFile; fileRef = 041A837F21779A6C00B2D3E8 /* HowDoesALightHouseLookHere.xcdatamodeld */; };
		041A838321779A6D00B2D3E8 /* Assets.xcassets in Resources */ = {isa = PBXBuildFile; fileRef = 041A838221779A6D00B2D3E8 /* Assets.xcassets */; };
		041A838621779A6D00B2D3E8 /* LaunchScreen.storyboard in Resources */ = {isa = PBXBuildFile; fileRef = 041A838421779A6D00B2D3E8 /* LaunchScreen.storyboard */; };
		A7B438442178C5410077733A /* Scene.swift in Sources */ = {isa = PBXBuildFile; fileRef = A7B438422178C5410077733A /* Scene.swift */; };
		A7B438452178C5410077733A /* Scene.sks in Resources */ = {isa = PBXBuildFile; fileRef = A7B438432178C5410077733A /* Scene.sks */; };
/* End PBXBuildFile section */

/* Begin PBXFileReference section */
		041A837521779A6C00B2D3E8 /* HowDoesALightHouseLookHere.app */ = {isa = PBXFileReference; explicitFileType = wrapper.application; includeInIndex = 0; path = HowDoesALightHouseLookHere.app; sourceTree = BUILT_PRODUCTS_DIR; };
		041A837821779A6C00B2D3E8 /* AppDelegate.swift */ = {isa = PBXFileReference; lastKnownFileType = sourcecode.swift; path = AppDelegate.swift; sourceTree = "<group>"; };
		041A837A21779A6C00B2D3E8 /* ViewController.swift */ = {isa = PBXFileReference; lastKnownFileType = sourcecode.swift; path = ViewController.swift; sourceTree = "<group>"; };
		041A837D21779A6C00B2D3E8 /* Base */ = {isa = PBXFileReference; lastKnownFileType = file.storyboard; name = Base; path = Base.lproj/Main.storyboard; sourceTree = "<group>"; };
		041A838021779A6C00B2D3E8 /* HowDoesALightHouseLookHere.xcdatamodel */ = {isa = PBXFileReference; lastKnownFileType = wrapper.xcdatamodel; path = HowDoesALightHouseLookHere.xcdatamodel; sourceTree = "<group>"; };
		041A838221779A6D00B2D3E8 /* Assets.xcassets */ = {isa = PBXFileReference; lastKnownFileType = folder.assetcatalog; path = Assets.xcassets; sourceTree = "<group>"; };
		041A838521779A6D00B2D3E8 /* Base */ = {isa = PBXFileReference; lastKnownFileType = file.storyboard; name = Base; path = Base.lproj/LaunchScreen.storyboard; sourceTree = "<group>"; };
		041A838721779A6D00B2D3E8 /* Info.plist */ = {isa = PBXFileReference; lastKnownFileType = text.plist.xml; path = Info.plist; sourceTree = "<group>"; };
		A7B438422178C5410077733A /* Scene.swift */ = {isa = PBXFileReference; fileEncoding = 4; lastKnownFileType = sourcecode.swift; path = Scene.swift; sourceTree = "<group>"; };
		A7B438432178C5410077733A /* Scene.sks */ = {isa = PBXFileReference; lastKnownFileType = file.sks; path = Scene.sks; sourceTree = "<group>"; };
/* End PBXFileReference section */

/* Begin PBXFrameworksBuildPhase section */
		041A837221779A6C00B2D3E8 /* Frameworks */ = {
			isa = PBXFrameworksBuildPhase;
			buildActionMask = 2147483647;
			files = (
			);
			runOnlyForDeploymentPostprocessing = 0;
		};
/* End PBXFrameworksBuildPhase section */

/* Begin PBXGroup section */
		041A836C21779A6C00B2D3E8 = {
			isa = PBXGroup;
			children = (
				041A837721779A6C00B2D3E8 /* HowDoesALightHouseLookHere */,
				041A837621779A6C00B2D3E8 /* Products */,
			);
			sourceTree = "<group>";
		};
		041A837621779A6C00B2D3E8 /* Products */ = {
			isa = PBXGroup;
			children = (
				041A837521779A6C00B2D3E8 /* HowDoesALightHouseLookHere.app */,
			);
			name = Products;
			sourceTree = "<group>";
		};
		041A837721779A6C00B2D3E8 /* HowDoesALightHouseLookHere */ = {
			isa = PBXGroup;
			children = (
				A7B438432178C5410077733A /* Scene.sks */,
				A7B438422178C5410077733A /* Scene.swift */,
				041A837821779A6C00B2D3E8 /* AppDelegate.swift */,
				041A837A21779A6C00B2D3E8 /* ViewController.swift */,
				041A837C21779A6C00B2D3E8 /* Main.storyboard */,
				041A838221779A6D00B2D3E8 /* Assets.xcassets */,
				041A838421779A6D00B2D3E8 /* LaunchScreen.storyboard */,
				041A838721779A6D00B2D3E8 /* Info.plist */,
				041A837F21779A6C00B2D3E8 /* HowDoesALightHouseLookHere.xcdatamodeld */,
			);
			path = HowDoesALightHouseLookHere;
			sourceTree = "<group>";
		};
/* End PBXGroup section */

/* Begin PBXNativeTarget section */
		041A837421779A6C00B2D3E8 /* HowDoesALightHouseLookHere */ = {
			isa = PBXNativeTarget;
			buildConfigurationList = 041A838A21779A6D00B2D3E8 /* Build configuration list for PBXNativeTarget "HowDoesALightHouseLookHere" */;
			buildPhases = (
				041A837121779A6C00B2D3E8 /* Sources */,
				041A837221779A6C00B2D3E8 /* Frameworks */,
				041A837321779A6C00B2D3E8 /* Resources */,
			);
			buildRules = (
			);
			dependencies = (
			);
			name = HowDoesALightHouseLookHere;
			productName = HowDoesALightHouseLookHere;
			productReference = 041A837521779A6C00B2D3E8 /* HowDoesALightHouseLookHere.app */;
			productType = "com.apple.product-type.application";
		};
/* End PBXNativeTarget section */

/* Begin PBXProject section */
		041A836D21779A6C00B2D3E8 /* Project object */ = {
			isa = PBXProject;
			attributes = {
				LastSwiftUpdateCheck = 1000;
				LastUpgradeCheck = 1000;
				ORGANIZATIONNAME = "Aaron Eisses";
				TargetAttributes = {
					041A837421779A6C00B2D3E8 = {
						CreatedOnToolsVersion = 10.0;
					};
				};
			};
			buildConfigurationList = 041A837021779A6C00B2D3E8 /* Build configuration list for PBXProject "HowDoesALightHouseLookHere" */;
			compatibilityVersion = "Xcode 9.3";
			developmentRegion = en;
			hasScannedForEncodings = 0;
			knownRegions = (
				en,
				Base,
			);
			mainGroup = 041A836C21779A6C00B2D3E8;
			productRefGroup = 041A837621779A6C00B2D3E8 /* Products */;
			projectDirPath = "";
			projectRoot = "";
			targets = (
				041A837421779A6C00B2D3E8 /* HowDoesALightHouseLookHere */,
			);
		};
/* End PBXProject section */

/* Begin PBXResourcesBuildPhase section */
		041A837321779A6C00B2D3E8 /* Resources */ = {
			isa = PBXResourcesBuildPhase;
			buildActionMask = 2147483647;
			files = (
				041A838621779A6D00B2D3E8 /* LaunchScreen.storyboard in Resources */,
				041A838321779A6D00B2D3E8 /* Assets.xcassets in Resources */,
				A7B438452178C5410077733A /* Scene.sks in Resources */,
				041A837E21779A6C00B2D3E8 /* Main.storyboard in Resources */,
			);
			runOnlyForDeploymentPostprocessing = 0;
		};
/* End PBXResourcesBuildPhase section */

/* Begin PBXSourcesBuildPhase section */
		041A837121779A6C00B2D3E8 /* Sources */ = {
			isa = PBXSourcesBuildPhase;
			buildActionMask = 2147483647;
			files = (
				A7B438442178C5410077733A /* Scene.swift in Sources */,
				041A838121779A6C00B2D3E8 /* HowDoesALightHouseLookHere.xcdatamodeld in Sources */,
				041A837B21779A6C00B2D3E8 /* ViewController.swift in Sources */,
				041A837921779A6C00B2D3E8 /* AppDelegate.swift in Sources */,
			);
			runOnlyForDeploymentPostprocessing = 0;
		};
/* End PBXSourcesBuildPhase section */

/* Begin PBXVariantGroup section */
		041A837C21779A6C00B2D3E8 /* Main.storyboard */ = {
			isa = PBXVariantGroup;
			children = (
				041A837D21779A6C00B2D3E8 /* Base */,
			);
			name = Main.storyboard;
			sourceTree = "<group>";
		};
		041A838421779A6D00B2D3E8 /* LaunchScreen.storyboard */ = {
			isa = PBXVariantGroup;
			children = (
				041A838521779A6D00B2D3E8 /* Base */,
			);
			name = LaunchScreen.storyboard;
			sourceTree = "<group>";
		};
/* End PBXVariantGroup section */

/* Begin XCBuildConfiguration section */
		041A838821779A6D00B2D3E8 /* Debug */ = {
			isa = XCBuildConfiguration;
			buildSettings = {
				ALWAYS_SEARCH_USER_PATHS = NO;
				CLANG_ANALYZER_NONNULL = YES;
				CLANG_ANALYZER_NUMBER_OBJECT_CONVERSION = YES_AGGRESSIVE;
				CLANG_CXX_LANGUAGE_STANDARD = "gnu++14";
				CLANG_CXX_LIBRARY = "libc++";
				CLANG_ENABLE_MODULES = YES;
				CLANG_ENABLE_OBJC_ARC = YES;
				CLANG_ENABLE_OBJC_WEAK = YES;
				CLANG_WARN_BLOCK_CAPTURE_AUTORELEASING = YES;
				CLANG_WARN_BOOL_CONVERSION = YES;
				CLANG_WARN_COMMA = YES;
				CLANG_WARN_CONSTANT_CONVERSION = YES;
				CLANG_WARN_DEPRECATED_OBJC_IMPLEMENTATIONS = YES;
				CLANG_WARN_DIRECT_OBJC_ISA_USAGE = YES_ERROR;
				CLANG_WARN_DOCUMENTATION_COMMENTS = YES;
				CLANG_WARN_EMPTY_BODY = YES;
				CLANG_WARN_ENUM_CONVERSION = YES;
				CLANG_WARN_INFINITE_RECURSION = YES;
				CLANG_WARN_INT_CONVERSION = YES;
				CLANG_WARN_NON_LITERAL_NULL_CONVERSION = YES;
				CLANG_WARN_OBJC_IMPLICIT_RETAIN_SELF = YES;
				CLANG_WARN_OBJC_LITERAL_CONVERSION = YES;
				CLANG_WARN_OBJC_ROOT_CLASS = YES_ERROR;
				CLANG_WARN_RANGE_LOOP_ANALYSIS = YES;
				CLANG_WARN_STRICT_PROTOTYPES = YES;
				CLANG_WARN_SUSPICIOUS_MOVE = YES;
				CLANG_WARN_UNGUARDED_AVAILABILITY = YES_AGGRESSIVE;
				CLANG_WARN_UNREACHABLE_CODE = YES;
				CLANG_WARN__DUPLICATE_METHOD_MATCH = YES;
				CODE_SIGN_IDENTITY = "iPhone Developer";
				COPY_PHASE_STRIP = NO;
				DEBUG_INFORMATION_FORMAT = dwarf;
				ENABLE_STRICT_OBJC_MSGSEND = YES;
				ENABLE_TESTABILITY = YES;
				GCC_C_LANGUAGE_STANDARD = gnu11;
				GCC_DYNAMIC_NO_PIC = NO;
				GCC_NO_COMMON_BLOCKS = YES;
				GCC_OPTIMIZATION_LEVEL = 0;
				GCC_PREPROCESSOR_DEFINITIONS = (
					"DEBUG=1",
					"$(inherited)",
				);
				GCC_WARN_64_TO_32_BIT_CONVERSION = YES;
				GCC_WARN_ABOUT_RETURN_TYPE = YES_ERROR;
				GCC_WARN_UNDECLARED_SELECTOR = YES;
				GCC_WARN_UNINITIALIZED_AUTOS = YES_AGGRESSIVE;
				GCC_WARN_UNUSED_FUNCTION = YES;
				GCC_WARN_UNUSED_VARIABLE = YES;
				IPHONEOS_DEPLOYMENT_TARGET = 12.0;
				MTL_ENABLE_DEBUG_INFO = INCLUDE_SOURCE;
				MTL_FAST_MATH = YES;
				ONLY_ACTIVE_ARCH = YES;
				SDKROOT = iphoneos;
				SWIFT_ACTIVE_COMPILATION_CONDITIONS = DEBUG;
				SWIFT_OPTIMIZATION_LEVEL = "-Onone";
			};
			name = Debug;
		};
		041A838921779A6D00B2D3E8 /* Release */ = {
			isa = XCBuildConfiguration;
			buildSettings = {
				ALWAYS_SEARCH_USER_PATHS = NO;
				CLANG_ANALYZER_NONNULL = YES;
				CLANG_ANALYZER_NUMBER_OBJECT_CONVERSION = YES_AGGRESSIVE;
				CLANG_CXX_LANGUAGE_STANDARD = "gnu++14";
				CLANG_CXX_LIBRARY = "libc++";
				CLANG_ENABLE_MODULES = YES;
				CLANG_ENABLE_OBJC_ARC = YES;
				CLANG_ENABLE_OBJC_WEAK = YES;
				CLANG_WARN_BLOCK_CAPTURE_AUTORELEASING = YES;
				CLANG_WARN_BOOL_CONVERSION = YES;
				CLANG_WARN_COMMA = YES;
				CLANG_WARN_CONSTANT_CONVERSION = YES;
				CLANG_WARN_DEPRECATED_OBJC_IMPLEMENTATIONS = YES;
				CLANG_WARN_DIRECT_OBJC_ISA_USAGE = YES_ERROR;
				CLANG_WARN_DOCUMENTATION_COMMENTS = YES;
				CLANG_WARN_EMPTY_BODY = YES;
				CLANG_WARN_ENUM_CONVERSION = YES;
				CLANG_WARN_INFINITE_RECURSION = YES;
				CLANG_WARN_INT_CONVERSION = YES;
				CLANG_WARN_NON_LITERAL_NULL_CONVERSION = YES;
				CLANG_WARN_OBJC_IMPLICIT_RETAIN_SELF = YES;
				CLANG_WARN_OBJC_LITERAL_CONVERSION = YES;
				CLANG_WARN_OBJC_ROOT_CLASS = YES_ERROR;
				CLANG_WARN_RANGE_LOOP_ANALYSIS = YES;
				CLANG_WARN_STRICT_PROTOTYPES = YES;
				CLANG_WARN_SUSPICIOUS_MOVE = YES;
				CLANG_WARN_UNGUARDED_AVAILABILITY = YES_AGGRESSIVE;
				CLANG_WARN_UNREACHABLE_CODE = YES;
				CLANG_WARN__DUPLICATE_METHOD_MATCH = YES;
				CODE_SIGN_IDENTITY = "iPhone Developer";
				COPY_PHASE_STRIP = NO;
				DEBUG_INFORMATION_FORMAT = "dwarf-with-dsym";
				ENABLE_NS_ASSERTIONS = NO;
				ENABLE_STRICT_OBJC_MSGSEND = YES;
				GCC_C_LANGUAGE_STANDARD = gnu11;
				GCC_NO_COMMON_BLOCKS = YES;
				GCC_WARN_64_TO_32_BIT_CONVERSION = YES;
				GCC_WARN_ABOUT_RETURN_TYPE = YES_ERROR;
				GCC_WARN_UNDECLARED_SELECTOR = YES;
				GCC_WARN_UNINITIALIZED_AUTOS = YES_AGGRESSIVE;
				GCC_WARN_UNUSED_FUNCTION = YES;
				GCC_WARN_UNUSED_VARIABLE = YES;
				IPHONEOS_DEPLOYMENT_TARGET = 12.0;
				MTL_ENABLE_DEBUG_INFO = NO;
				MTL_FAST_MATH = YES;
				SDKROOT = iphoneos;
				SWIFT_COMPILATION_MODE = wholemodule;
				SWIFT_OPTIMIZATION_LEVEL = "-O";
				VALIDATE_PRODUCT = YES;
			};
			name = Release;
		};
		041A838B21779A6D00B2D3E8 /* Debug */ = {
			isa = XCBuildConfiguration;
			buildSettings = {
				ASSETCATALOG_COMPILER_APPICON_NAME = AppIcon;
				CODE_SIGN_STYLE = Automatic;
				DEVELOPMENT_TEAM = LK2576GXKT;
				INFOPLIST_FILE = HowDoesALightHouseLookHere/Info.plist;
				LD_RUNPATH_SEARCH_PATHS = (
					"$(inherited)",
					"@executable_path/Frameworks",
				);
				PRODUCT_BUNDLE_IDENTIFIER = com.test.HowDoesALightHouseLookHere;
				PRODUCT_NAME = "$(TARGET_NAME)";
				SWIFT_VERSION = 4.2;
				TARGETED_DEVICE_FAMILY = "1,2";
			};
			name = Debug;
		};
		041A838C21779A6D00B2D3E8 /* Release */ = {
			isa = XCBuildConfiguration;
			buildSettings = {
				ASSETCATALOG_COMPILER_APPICON_NAME = AppIcon;
				CODE_SIGN_STYLE = Automatic;
				DEVELOPMENT_TEAM = LK2576GXKT;
				INFOPLIST_FILE = HowDoesALightHouseLookHere/Info.plist;
				LD_RUNPATH_SEARCH_PATHS = (
					"$(inherited)",
					"@executable_path/Frameworks",
				);
				PRODUCT_BUNDLE_IDENTIFIER = com.test.HowDoesALightHouseLookHere;
				PRODUCT_NAME = "$(TARGET_NAME)";
				SWIFT_VERSION = 4.2;
				TARGETED_DEVICE_FAMILY = "1,2";
			};
			name = Release;
		};
/* End XCBuildConfiguration section */

/* Begin XCConfigurationList section */
		041A837021779A6C00B2D3E8 /* Build configuration list for PBXProject "HowDoesALightHouseLookHere" */ = {
			isa = XCConfigurationList;
			buildConfigurations = (
				041A838821779A6D00B2D3E8 /* Debug */,
				041A838921779A6D00B2D3E8 /* Release */,
			);
			defaultConfigurationIsVisible = 0;
			defaultConfigurationName = Release;
		};
		041A838A21779A6D00B2D3E8 /* Build configuration list for PBXNativeTarget "HowDoesALightHouseLookHere" */ = {
			isa = XCConfigurationList;
			buildConfigurations = (
				041A838B21779A6D00B2D3E8 /* Debug */,
				041A838C21779A6D00B2D3E8 /* Release */,
			);
			defaultConfigurationIsVisible = 0;
			defaultConfigurationName = Release;
		};
/* End XCConfigurationList section */

/* Begin XCVersionGroup section */
		041A837F21779A6C00B2D3E8 /* HowDoesALightHouseLookHere.xcdatamodeld */ = {
			isa = XCVersionGroup;
			children = (
				041A838021779A6C00B2D3E8 /* HowDoesALightHouseLookHere.xcdatamodel */,
			);
			currentVersion = 041A838021779A6C00B2D3E8 /* HowDoesALightHouseLookHere.xcdatamodel */;
			path = HowDoesALightHouseLookHere.xcdatamodeld;
			sourceTree = "<group>";
			versionGroupType = wrapper.xcdatamodel;
		};
/* End XCVersionGroup section */
	};
	rootObject = 041A836D21779A6C00B2D3E8 /* Project object */;
}
